<?xml version="1.0" encoding="UTF-8"?>
<!DOCTYPE plist PUBLIC "-//Apple//DTD PLIST 1.0//EN" "http://www.apple.com/DTDs/PropertyList-1.0.dtd">
<plist version="1.0">
<dict>
	<key>archiveVersion</key>
	<string>1</string>
	<key>objectVersion</key>
	<string>60</string>
	<key>classes</key>
	<dict/>
	<key>objects</key>
	<dict>
		<key>FR001</key>
		<dict>
			<key>isa</key>
			<string>PBXFileReference</string>
			<key>lastKnownFileType</key>
			<string>sourcecode.swift</string>
			<key>sourceTree</key>
			<string>&lt;group&gt;</string>
			<key>path</key>
			<string>CompostApp.swift</string>
		</dict>
		<key>FR002</key>
		<dict>
			<key>isa</key>
			<string>PBXFileReference</string>
			<key>lastKnownFileType</key>
			<string>sourcecode.swift</string>
			<key>sourceTree</key>
			<string>&lt;group&gt;</string>
			<key>path</key>
			<string>Keychain.swift</string>
		</dict>
		<key>FR003</key>
		<dict>
			<key>isa</key>
			<string>PBXFileReference</string>
			<key>lastKnownFileType</key>
			<string>sourcecode.swift</string>
			<key>sourceTree</key>
			<string>&lt;group&gt;</string>
			<key>path</key>
			<string>NotchManager.swift</string>
		</dict>
		<key>FR004</key>
		<dict>
			<key>isa</key>
			<string>PBXFileReference</string>
			<key>lastKnownFileType</key>
			<string>sourcecode.swift</string>
			<key>sourceTree</key>
			<string>&lt;group&gt;</string>
			<key>path</key>
			<string>NotionClient.swift</string>
		</dict>
		<key>FR005</key>
		<dict>
			<key>isa</key>
			<string>PBXFileReference</string>
			<key>lastKnownFileType</key>
			<string>sourcecode.swift</string>
			<key>sourceTree</key>
			<string>&lt;group&gt;</string>
			<key>path</key>
			<string>WakeTrigger.swift</string>
		</dict>
		<key>FR006</key>
		<dict>
			<key>isa</key>
			<string>PBXFileReference</string>
			<key>lastKnownFileType</key>
			<string>sourcecode.swift</string>
			<key>sourceTree</key>
			<string>&lt;group&gt;</string>
			<key>path</key>
			<string>HotkeyManager.swift</string>
		</dict>
		<key>FR007</key>
		<dict>
			<key>isa</key>
			<string>PBXFileReference</string>
			<key>lastKnownFileType</key>
			<string>sourcecode.swift</string>
			<key>sourceTree</key>
			<string>&lt;group&gt;</string>
			<key>path</key>
			<string>GardenStyle.swift</string>
		</dict>
		<key>FR008</key>
		<dict>
			<key>isa</key>
			<string>PBXFileReference</string>
			<key>lastKnownFileType</key>
			<string>sourcecode.swift</string>
			<key>sourceTree</key>
			<string>&lt;group&gt;</string>
			<key>path</key>
			<string>NotchSummary.swift</string>
		</dict>
		<key>FR009</key>
		<dict>
			<key>isa</key>
			<string>PBXFileReference</string>
			<key>lastKnownFileType</key>
			<string>sourcecode.swift</string>
			<key>sourceTree</key>
			<string>&lt;group&gt;</string>
			<key>path</key>
			<string>CompostPoller.swift</string>
		</dict>
		<key>FR010</key>
		<dict>
			<key>isa</key>
			<string>PBXFileReference</string>
			<key>lastKnownFileType</key>
			<string>sourcecode.swift</string>
			<key>sourceTree</key>
			<string>&lt;group&gt;</string>
			<key>path</key>
			<string>PeekView.swift</string>
		</dict>
		<key>FR011</key>
		<dict>
			<key>isa</key>
			<string>PBXFileReference</string>
			<key>lastKnownFileType</key>
			<string>sourcecode.swift</string>
			<key>sourceTree</key>
			<string>&lt;group&gt;</string>
			<key>path</key>
			<string>ExpandedView.swift</string>
		</dict>
		<key>FR012</key>
		<dict>
			<key>isa</key>
			<string>PBXFileReference</string>
			<key>lastKnownFileType</key>
			<string>sourcecode.swift</string>
			<key>sourceTree</key>
			<string>&lt;group&gt;</string>
			<key>path</key>
			<string>ProposalRow.swift</string>
		</dict>
		<key>FR013</key>
		<dict>
			<key>isa</key>
			<string>PBXFileReference</string>
			<key>lastKnownFileType</key>
			<string>sourcecode.swift</string>
			<key>sourceTree</key>
			<string>&lt;group&gt;</string>
			<key>path</key>
			<string>DraftRow.swift</string>
		</dict>
		<key>FR014</key>
		<dict>
			<key>isa</key>
			<string>PBXFileReference</string>
			<key>lastKnownFileType</key>
			<string>text.plist.xml</string>
			<key>sourceTree</key>
			<string>&lt;group&gt;</string>
			<key>path</key>
			<string>Info.plist</string>
		</dict>
		<key>FR015</key>
		<dict>
			<key>isa</key>
			<string>PBXFileReference</string>
			<key>lastKnownFileType</key>
			<string>text.plist.xml</string>
			<key>sourceTree</key>
			<string>&lt;group&gt;</string>
			<key>path</key>
			<string>Compost.entitlements</string>
		</dict>
		<key>FR016</key>
		<dict>
			<key>isa</key>
			<string>PBXFileReference</string>
			<key>lastKnownFileType</key>
			<string>folder.assetcatalog</string>
			<key>sourceTree</key>
			<string>&lt;group&gt;</string>
			<key>path</key>
			<string>Assets.xcassets</string>
		</dict>
		<key>APPREF</key>
		<dict>
			<key>isa</key>
			<string>PBXFileReference</string>
			<key>lastKnownFileType</key>
			<string>wrapper.application</string>
			<key>sourceTree</key>
			<string>BUILT_PRODUCTS_DIR</string>
			<key>explicitFileType</key>
			<string>wrapper.application</string>
			<key>includeInIndex</key>
			<integer>0</integer>
			<key>path</key>
			<string>Compost.app</string>
		</dict>
		<key>BF001</key>
		<dict>
			<key>isa</key>
			<string>PBXBuildFile</string>
			<key>fileRef</key>
			<string>FR001</string>
		</dict>
		<key>BF002</key>
		<dict>
			<key>isa</key>
			<string>PBXBuildFile</string>
			<key>fileRef</key>
			<string>FR002</string>
		</dict>
		<key>BF003</key>
		<dict>
			<key>isa</key>
			<string>PBXBuildFile</string>
			<key>fileRef</key>
			<string>FR003</string>
		</dict>
		<key>BF004</key>
		<dict>
			<key>isa</key>
			<string>PBXBuildFile</string>
			<key>fileRef</key>
			<string>FR004</string>
		</dict>
		<key>BF005</key>
		<dict>
			<key>isa</key>
			<string>PBXBuildFile</string>
			<key>fileRef</key>
			<string>FR005</string>
		</dict>
		<key>BF006</key>
		<dict>
			<key>isa</key>
			<string>PBXBuildFile</string>
			<key>fileRef</key>
			<string>FR006</string>
		</dict>
		<key>BF007</key>
		<dict>
			<key>isa</key>
			<string>PBXBuildFile</string>
			<key>fileRef</key>
			<string>FR007</string>
		</dict>
		<key>BF008</key>
		<dict>
			<key>isa</key>
			<string>PBXBuildFile</string>
			<key>fileRef</key>
			<string>FR008</string>
		</dict>
		<key>BF009</key>
		<dict>
			<key>isa</key>
			<string>PBXBuildFile</string>
			<key>fileRef</key>
			<string>FR009</string>
		</dict>
		<key>BF010</key>
		<dict>
			<key>isa</key>
			<string>PBXBuildFile</string>
			<key>fileRef</key>
			<string>FR010</string>
		</dict>
		<key>BF011</key>
		<dict>
			<key>isa</key>
			<string>PBXBuildFile</string>
			<key>fileRef</key>
			<string>FR011</string>
		</dict>
		<key>BF012</key>
		<dict>
			<key>isa</key>
			<string>PBXBuildFile</string>
			<key>fileRef</key>
			<string>FR012</string>
		</dict>
		<key>BF013</key>
		<dict>
			<key>isa</key>
			<string>PBXBuildFile</string>
			<key>fileRef</key>
			<string>FR013</string>
		</dict>
		<key>BF014</key>
		<dict>
			<key>isa</key>
			<string>PBXBuildFile</string>
			<key>fileRef</key>
			<string>FR016</string>
		</dict>
		<key>GRP001</key>
		<dict>
			<key>isa</key>
			<string>PBXGroup</string>
			<key>children</key>
			<array>
				<string>FR001</string>
				<string>FR002</string>
				<string>FR003</string>
				<string>FR005</string>
				<string>FR006</string>
				<string>FR007</string>
				<string>FR004</string>
				<string>GRP002</string>
				<string>GRP003</string>
				<string>GRP004</string>
				<string>FR016</string>
				<string>FR014</string>
				<string>FR015</string>
				<string>FR017</string>
			</array>
			<key>sourceTree</key>
			<string>&lt;group&gt;</string>
		</dict>
		<key>GRP002</key>
		<dict>
			<key>isa</key>
			<string>PBXGroup</string>
			<key>children</key>
			<array>
				<string>FR008</string>
			</array>
			<key>name</key>
			<string>Models</string>
			<key>path</key>
			<string>Models</string>
			<key>sourceTree</key>
			<string>&lt;group&gt;</string>
		</dict>
		<key>GRP003</key>
		<dict>
			<key>isa</key>
			<string>PBXGroup</string>
			<key>children</key>
			<array>
				<string>FR009</string>
			</array>
			<key>name</key>
			<string>Polling</string>
			<key>path</key>
			<string>Polling</string>
			<key>sourceTree</key>
			<string>&lt;group&gt;</string>
		</dict>
		<key>GRP004</key>
		<dict>
			<key>isa</key>
			<string>PBXGroup</string>
			<key>children</key>
			<array>
				<string>FR010</string>
				<string>FR011</string>
				<string>FR012</string>
				<string>FR013</string>
				<string>FR018</string>
				<string>FR019</string>
			</array>
			<key>name</key>
			<string>Views</string>
			<key>path</key>
			<string>Views</string>
			<key>sourceTree</key>
			<string>&lt;group&gt;</string>
		</dict>
		<key>PROD</key>
		<dict>
			<key>isa</key>
			<string>PBXGroup</string>
			<key>children</key>
			<array>
				<string>APPREF</string>
			</array>
			<key>name</key>
			<string>Products</string>
			<key>sourceTree</key>
			<string>&lt;group&gt;</string>
		</dict>
		<key>ROOT</key>
		<dict>
			<key>isa</key>
			<string>PBXGroup</string>
			<key>children</key>
			<array>
				<string>GRP001</string>
				<string>PROD</string>
			</array>
			<key>sourceTree</key>
			<string>SOURCE_ROOT</string>
		</dict>
		<key>SOURCES</key>
		<dict>
			<key>isa</key>
			<string>PBXSourcesBuildPhase</string>
			<key>buildActionMask</key>
			<integer>2147483647</integer>
			<key>files</key>
			<array>
				<string>BF001</string>
				<string>BF002</string>
				<string>BF003</string>
				<string>BF004</string>
				<string>BF005</string>
				<string>BF006</string>
				<string>BF007</string>
				<string>BF008</string>
				<string>BF009</string>
				<string>BF010</string>
				<string>BF011</string>
				<string>BF012</string>
				<string>BF013</string>
				<string>BF015</string>
				<string>BF016</string>
				<string>BF017</string>
			</array>
			<key>runOnlyForDeploymentPostprocessing</key>
			<integer>0</integer>
		</dict>
		<key>FRAMEWORKS</key>
		<dict>
			<key>isa</key>
			<string>PBXFrameworksBuildPhase</string>
			<key>buildActionMask</key>
			<integer>2147483647</integer>
			<key>files</key>
			<array/>
			<key>runOnlyForDeploymentPostprocessing</key>
			<integer>0</integer>
		</dict>
		<key>RESOURCES</key>
		<dict>
			<key>isa</key>
			<string>PBXResourcesBuildPhase</string>
			<key>buildActionMask</key>
			<integer>2147483647</integer>
			<key>files</key>
			<array>
				<string>BF014</string>
			</array>
			<key>runOnlyForDeploymentPostprocessing</key>
			<integer>0</integer>
		</dict>
		<key>TARGET</key>
		<dict>
			<key>isa</key>
			<string>PBXNativeTarget</string>
			<key>buildConfigurationList</key>
			<string>CFGLST_TGT</string>
			<key>buildPhases</key>
			<array>
				<string>SOURCES</string>
				<string>FRAMEWORKS</string>
				<string>RESOURCES</string>
			</array>
			<key>buildRules</key>
			<array/>
			<key>dependencies</key>
			<array/>
			<key>name</key>
			<string>Compost</string>
			<key>productName</key>
			<string>Compost</string>
			<key>productReference</key>
			<string>APPREF</string>
			<key>productType</key>
			<string>com.apple.product-type.application</string>
		</dict>
		<key>ROOT001</key>
		<dict>
			<key>isa</key>
			<string>PBXProject</string>
			<key>attributes</key>
			<dict>
				<key>LastSwiftUpdateCheck</key>
				<string>1500</string>
				<key>LastUpgradeCheck</key>
				<string>1500</string>
				<key>TargetAttributes</key>
				<dict>
					<key>TARGET</key>
					<dict>
						<key>CreatedOnToolsVersion</key>
						<string>15.0</string>
					</dict>
				</dict>
			</dict>
			<key>buildConfigurationList</key>
			<string>CFGLST_PROJ</string>
			<key>compatibilityVersion</key>
			<string>Xcode 14.0</string>
			<key>developmentRegion</key>
			<string>en</string>
			<key>hasScannedForEncodings</key>
			<integer>0</integer>
			<key>knownRegions</key>
			<array>
				<string>en</string>
				<string>Base</string>
			</array>
			<key>mainGroup</key>
			<string>ROOT</string>
			<key>projectDirPath</key>
			<string></string>
			<key>projectRoot</key>
			<string></string>
			<key>targets</key>
			<array>
				<string>TARGET</string>
			</array>
		</dict>
		<key>CFG_PROJ_DEBUG</key>
		<dict>
			<key>isa</key>
			<string>XCBuildConfiguration</string>
			<key>buildSettings</key>
			<dict>
				<key>MACOSX_DEPLOYMENT_TARGET</key>
				<string>13.0</string>
				<key>SDKROOT</key>
				<string>macosx</string>
				<key>SWIFT_VERSION</key>
				<string>5.9</string>
			</dict>
			<key>name</key>
			<string>Debug</string>
		</dict>
		<key>CFG_PROJ_RELEASE</key>
		<dict>
			<key>isa</key>
			<string>XCBuildConfiguration</string>
			<key>buildSettings</key>
			<dict>
				<key>MACOSX_DEPLOYMENT_TARGET</key>
				<string>13.0</string>
				<key>SDKROOT</key>
				<string>macosx</string>
				<key>SWIFT_VERSION</key>
				<string>5.9</string>
			</dict>
			<key>name</key>
			<string>Release</string>
		</dict>
		<key>CFG_TGT_DEBUG</key>
		<dict>
			<key>isa</key>
			<string>XCBuildConfiguration</string>
			<key>buildSettings</key>
			<dict>
				<key>ASSETCATALOG_COMPILER_APPICON_NAME</key>
				<string>AppIcon</string>
				<key>ASSETCATALOG_COMPILER_GLOBAL_ACCENT_COLOR_NAME</key>
				<string>AccentColor</string>
				<key>CODE_SIGN_ENTITLEMENTS</key>
				<string>Compost.entitlements</string>
				<key>CODE_SIGN_IDENTITY</key>
				<string>-</string>
				<key>CODE_SIGN_STYLE</key>
				<string>Automatic</string>
				<key>CURRENT_PROJECT_VERSION</key>
				<string>1</string>
				<key>DEVELOPMENT_TEAM</key>
				<string></string>
				<key>EXECUTABLE_NAME</key>
				<string>Compost</string>
				<key>INFOPLIST_FILE</key>
				<string>Info.plist</string>
				<key>LD_RUNPATH_SEARCH_PATHS</key>
				<string>@executable_path/../Frameworks</string>
				<key>MACOSX_DEPLOYMENT_TARGET</key>
				<string>13.0</string>
				<key>MARKETING_VERSION</key>
				<string>1.0</string>
				<key>PRODUCT_BUNDLE_IDENTIFIER</key>
				<string>com.compost.app</string>
				<key>PRODUCT_NAME</key>
				<string>Compost</string>
				<key>SWIFT_VERSION</key>
				<string>5.9</string>
			</dict>
			<key>name</key>
			<string>Debug</string>
		</dict>
		<key>CFG_TGT_RELEASE</key>
		<dict>
			<key>isa</key>
			<string>XCBuildConfiguration</string>
			<key>buildSettings</key>
			<dict>
				<key>ASSETCATALOG_COMPILER_APPICON_NAME</key>
				<string>AppIcon</string>
				<key>ASSETCATALOG_COMPILER_GLOBAL_ACCENT_COLOR_NAME</key>
				<string>AccentColor</string>
				<key>CODE_SIGN_ENTITLEMENTS</key>
				<string>Compost.entitlements</string>
				<key>CODE_SIGN_IDENTITY</key>
				<string>-</string>
				<key>CODE_SIGN_STYLE</key>
				<string>Automatic</string>
				<key>CURRENT_PROJECT_VERSION</key>
				<string>1</string>
				<key>DEVELOPMENT_TEAM</key>
				<string></string>
				<key>EXECUTABLE_NAME</key>
				<string>Compost</string>
				<key>INFOPLIST_FILE</key>
				<string>Info.plist</string>
				<key>LD_RUNPATH_SEARCH_PATHS</key>
				<string>@executable_path/../Frameworks</string>
				<key>MACOSX_DEPLOYMENT_TARGET</key>
				<string>13.0</string>
				<key>MARKETING_VERSION</key>
				<string>1.0</string>
				<key>PRODUCT_BUNDLE_IDENTIFIER</key>
				<string>com.compost.app</string>
				<key>PRODUCT_NAME</key>
				<string>Compost</string>
				<key>SWIFT_VERSION</key>
				<string>5.9</string>
			</dict>
			<key>name</key>
			<string>Release</string>
		</dict>
		<key>CFGLST_PROJ</key>
		<dict>
			<key>isa</key>
			<string>XCConfigurationList</string>
			<key>buildConfigurations</key>
			<array>
				<string>CFG_PROJ_DEBUG</string>
				<string>CFG_PROJ_RELEASE</string>
			</array>
			<key>defaultConfigurationIsVisible</key>
			<integer>0</integer>
			<key>defaultConfigurationName</key>
			<string>Release</string>
		</dict>
		<key>CFGLST_TGT</key>
		<dict>
			<key>isa</key>
			<string>XCConfigurationList</string>
			<key>buildConfigurations</key>
			<array>
				<string>CFG_TGT_DEBUG</string>
				<string>CFG_TGT_RELEASE</string>
			</array>
			<key>defaultConfigurationIsVisible</key>
			<integer>0</integer>
			<key>defaultConfigurationName</key>
			<string>Release</string>
		</dict>
		<key>FR017</key>
		<dict>
			<key>isa</key>
			<string>PBXFileReference</string>
			<key>lastKnownFileType</key>
			<string>sourcecode.swift</string>
			<key>path</key>
			<string>DynamicNotchKit.swift</string>
			<key>sourceTree</key>
			<string>&lt;group&gt;</string>
		</dict>
		<key>BF015</key>
		<dict>
			<key>isa</key>
			<string>PBXBuildFile</string>
			<key>fileRef</key>
			<string>FR017</string>
		</dict>
		<key>FR018</key>
		<dict>
			<key>isa</key>
			<string>PBXFileReference</string>
			<key>lastKnownFileType</key>
			<string>sourcecode.swift</string>
			<key>path</key>
			<string>CueRow.swift</string>
			<key>sourceTree</key>
			<string>&lt;group&gt;</string>
		</dict>
		<key>BF016</key>
		<dict>
			<key>isa</key>
			<string>PBXBuildFile</string>
			<key>fileRef</key>
			<string>FR018</string>
		</dict>
		<key>FR019</key>
		<dict>
			<key>isa</key>
			<string>PBXFileReference</string>
			<key>lastKnownFileType</key>
			<string>sourcecode.swift</string>
			<key>path</key>
			<string>Mascot.swift</string>
			<key>sourceTree</key>
			<string>&lt;group&gt;</string>
		</dict>
		<key>BF017</key>
		<dict>
			<key>isa</key>
			<string>PBXBuildFile</string>
			<key>fileRef</key>
			<string>FR019</string>
		</dict>
	</dict>
	<key>rootObject</key>
	<string>ROOT001</string>
</dict>
</plist>
